<?xml version="1.0" encoding="utf-8"?>
<Project ToolsVersion="4.0" xmlns="http://schemas.microsoft.com/developer/msbuild/2003">
  <ItemGroup>
    <Filter Include="1 Header Files">
      <UniqueIdentifier>{93995380-89BD-4b04-88EB-625FBE52EBFB}</UniqueIdentifier>
      <Extensions>h;hh;hpp;hxx;h++;hm;inl;inc;ipp;xsd</Extensions>
    </Filter>
    <Filter Include="1 Header Files\lsMisc">
      <UniqueIdentifier>{745266b0-0bb9-43d2-a165-e406995ac8f0}</UniqueIdentifier>
    </Filter>
    <Filter Include="3 Resource Files">
      <UniqueIdentifier>{67DA6AB6-F800-4c08-8B7A-83BB121AAD01}</UniqueIdentifier>
      <Extensions>rc;ico;cur;bmp;dlg;rc2;rct;bin;rgs;gif;jpg;jpeg;jpe;resx;tiff;tif;png;wav;mfcribbon-ms</Extensions>
    </Filter>
    <Filter Include="2 Source Files">
      <UniqueIdentifier>{4FC737F1-C7A5-4376-A066-2A32D752A2FF}</UniqueIdentifier>
      <Extensions>cpp;c;cc;cxx;c++;cppm;ixx;def;odl;idl;hpj;bat;asm;asmx</Extensions>
    </Filter>
    <Filter Include="2 Source Files\lsMisc">
      <UniqueIdentifier>{7517d207-c07d-4a8e-ae84-567adfe286b4}</UniqueIdentifier>
    </Filter>
    <Filter Include="4 dists">
      <UniqueIdentifier>{8a201c68-01bb-4b12-a838-311f8d5afe14}</UniqueIdentifier>
    </Filter>
  </ItemGroup>
  <ItemGroup>
    <ClInclude Include="DriveWatch.h">
      <Filter>1 Header Files</Filter>
    </ClInclude>
    <ClInclude Include="DriveWatchDlg.h">
      <Filter>1 Header Files</Filter>
    </ClInclude>
    <ClInclude Include="framework.h">
      <Filter>1 Header Files</Filter>
    </ClInclude>
    <ClInclude Include="targetver.h">
      <Filter>1 Header Files</Filter>
    </ClInclude>
    <ClInclude Include="Resource.h">
      <Filter>1 Header Files</Filter>
    </ClInclude>
    <ClInclude Include="pch.h">
      <Filter>1 Header Files</Filter>
    </ClInclude>
    <ClInclude Include="AboutDlg.h">
      <Filter>1 Header Files</Filter>
    </ClInclude>
    <ClInclude Include="..\..\lsMisc\FormatSizeof.h">
      <Filter>1 Header Files\lsMisc</Filter>
    </ClInclude>
    <ClInclude Include="..\..\lsMisc\GetVolumeInfo.h">
      <Filter>1 Header Files</Filter>
    </ClInclude>
    <ClInclude Include="..\..\lsMisc\stdosd\stdosd.h">
      <Filter>1 Header Files</Filter>
    </ClInclude>
    <ClInclude Include="..\..\lsMisc\stdosd\stdosd_exception.h">
      <Filter>1 Header Files</Filter>
    </ClInclude>
    <ClInclude Include="..\..\lsMisc\stdosd\stdosd_literal.h">
      <Filter>1 Header Files</Filter>
    </ClInclude>
    <ClInclude Include="..\..\lsMisc\CResizableDialog\ResizableDialog.h">
      <Filter>1 Header Files</Filter>
    </ClInclude>
    <ClInclude Include="..\..\lsMisc\CResizableDialog\ResizableFormView.h">
      <Filter>1 Header Files</Filter>
    </ClInclude>
    <ClInclude Include="..\..\lsMisc\CResizableDialog\ResizableGrip.h">
      <Filter>1 Header Files</Filter>
    </ClInclude>
    <ClInclude Include="..\..\lsMisc\CResizableDialog\ResizableLayout.h">
      <Filter>1 Header Files</Filter>
    </ClInclude>
    <ClInclude Include="..\..\lsMisc\CResizableDialog\ResizableMinMax.h">
      <Filter>1 Header Files</Filter>
    </ClInclude>
    <ClInclude Include="..\..\lsMisc\CResizableDialog\ResizablePage.h">
      <Filter>1 Header Files</Filter>
    </ClInclude>
    <ClInclude Include="..\..\lsMisc\CResizableDialog\ResizablePageEx.h">
      <Filter>1 Header Files</Filter>
    </ClInclude>
    <ClInclude Include="..\..\lsMisc\CResizableDialog\ResizableSheet.h">
      <Filter>1 Header Files</Filter>
    </ClInclude>
    <ClInclude Include="..\..\lsMisc\CResizableDialog\ResizableSheetEx.h">
      <Filter>1 Header Files</Filter>
    </ClInclude>
    <ClInclude Include="..\..\lsMisc\CResizableDialog\ResizableState.h">
      <Filter>1 Header Files</Filter>
    </ClInclude>
    <ClInclude Include="..\..\lsMisc\CResizableDialog\StdAfxResizableDialog.h">
      <Filter>1 Header Files</Filter>
    </ClInclude>
    <ClInclude Include="stdafx.h">
      <Filter>1 Header Files</Filter>
    </ClInclude>
    <ClInclude Include="..\..\profile\cpp\Profile\include\ambiesoft.profile.h">
      <Filter>1 Header Files</Filter>
    </ClInclude>
    <ClInclude Include="..\..\lsMisc\SaveWindowLocation.h">
      <Filter>1 Header Files</Filter>
    </ClInclude>
    <ClInclude Include="..\..\lsMisc\CommandLineParser.h">
      <Filter>1 Header Files</Filter>
    </ClInclude>
    <ClInclude Include="..\..\lsMisc\UrlEncode.h">
      <Filter>1 Header Files</Filter>
    </ClInclude>
    <ClInclude Include="..\..\lsMisc\UTF16toUTF8.h">
      <Filter>1 Header Files</Filter>
    </ClInclude>
    <ClInclude Include="..\..\lsMisc\IsDuplicateInstance.h">
      <Filter>1 Header Files</Filter>
    </ClInclude>
  </ItemGroup>
  <ItemGroup>
    <ClCompile Include="DriveWatch.cpp">
      <Filter>2 Source Files</Filter>
    </ClCompile>
    <ClCompile Include="DriveWatchDlg.cpp">
      <Filter>2 Source Files</Filter>
    </ClCompile>
    <ClCompile Include="pch.cpp">
      <Filter>2 Source Files</Filter>
    </ClCompile>
    <ClCompile Include="AboutDlg.cpp">
      <Filter>2 Source Files</Filter>
    </ClCompile>
    <ClCompile Include="..\..\lsMisc\FormatSizeof.cpp">
      <Filter>2 Source Files\lsMisc</Filter>
    </ClCompile>
    <ClCompile Include="..\..\lsMisc\GetVolumeInfo.cpp">
      <Filter>2 Source Files</Filter>
    </ClCompile>
    <ClCompile Include="..\..\lsMisc\stdosd\stdosd_win.cpp">
      <Filter>2 Source Files</Filter>
    </ClCompile>
    <ClCompile Include="..\..\lsMisc\stdosd\stdosd.cpp">
      <Filter>2 Source Files</Filter>
    </ClCompile>
    <ClCompile Include="..\..\lsMisc\CResizableDialog\ResizableDialog.cpp">
      <Filter>2 Source Files</Filter>
    </ClCompile>
    <ClCompile Include="..\..\lsMisc\CResizableDialog\ResizableFormView.cpp">
      <Filter>2 Source Files</Filter>
    </ClCompile>
    <ClCompile Include="..\..\lsMisc\CResizableDialog\ResizableGrip.cpp">
      <Filter>2 Source Files</Filter>
    </ClCompile>
    <ClCompile Include="..\..\lsMisc\CResizableDialog\ResizableLayout.cpp">
      <Filter>2 Source Files</Filter>
    </ClCompile>
    <ClCompile Include="..\..\lsMisc\CResizableDialog\ResizableMinMax.cpp">
      <Filter>2 Source Files</Filter>
    </ClCompile>
    <ClCompile Include="..\..\lsMisc\CResizableDialog\ResizablePage.cpp">
      <Filter>2 Source Files</Filter>
    </ClCompile>
    <ClCompile Include="..\..\lsMisc\CResizableDialog\ResizablePageEx.cpp">
      <Filter>2 Source Files</Filter>
    </ClCompile>
    <ClCompile Include="..\..\lsMisc\CResizableDialog\ResizableSheet.cpp">
      <Filter>2 Source Files</Filter>
    </ClCompile>
    <ClCompile Include="..\..\lsMisc\CResizableDialog\ResizableSheetEx.cpp">
      <Filter>2 Source Files</Filter>
    </ClCompile>
    <ClCompile Include="..\..\lsMisc\CResizableDialog\ResizableState.cpp">
      <Filter>2 Source Files</Filter>
    </ClCompile>
    <ClCompile Include="..\..\lsMisc\CResizableDialog\StdAfxResizableDialog.cpp">
      <Filter>2 Source Files</Filter>
    </ClCompile>
    <ClCompile Include="..\..\lsMisc\SaveWindowLocation.cpp">
      <Filter>2 Source Files</Filter>
    </ClCompile>
    <ClCompile Include="..\..\lsMisc\CommandLineParser.cpp">
      <Filter>2 Source Files</Filter>
    </ClCompile>
    <ClCompile Include="..\..\lsMisc\UrlEncode.cpp">
      <Filter>2 Source Files</Filter>
    </ClCompile>
    <ClCompile Include="..\..\lsMisc\UTF16toUTF8.cpp">
      <Filter>2 Source Files</Filter>
    </ClCompile>
    <ClCompile Include="..\..\lsMisc\IsDuplicateInstance.cpp">
      <Filter>2 Source Files</Filter>
    </ClCompile>
  </ItemGroup>
  <ItemGroup>
    <ResourceCompile Include="DriveWatch.rc">
      <Filter>3 Resource Files</Filter>
    </ResourceCompile>
  </ItemGroup>
  <ItemGroup>
    <None Include="res\DriveWatch.rc2">
      <Filter>3 Resource Files</Filter>
    </None>
  </ItemGroup>
  <ItemGroup>
    <Image Include="res\DriveWatch.ico">
      <Filter>3 Resource Files</Filter>
    </Image>
  </ItemGroup>
  <ItemGroup>
    <Text Include="dists\history.txt">
      <Filter>4 dists</Filter>
    </Text>
  </ItemGroup>
</Project>